
Microsoft Visual Studio Solution File, Format Version 12.00
# Visual Studio Version 17
VisualStudioVersion = 17.6.33712.159
MinimumVisualStudioVersion = 10.0.40219.1
Project("{FAE04EC0-301F-11D3-BF4B-00C04F79EFBC}") = "RAloverasPharmacyPOSSystem", "RAloverasPharmacyPOSSystem.csproj", "{88595E50-A016-497F-ADFB-92873DFDFDC6}"
EndProject
Project("{54435603-DBB4-11D2-8724-00A0C9A8B90C}") = "RAloverasPharmacyPOSSystemSetup", "..\RAloverasPharmacyPOSSystemSetup\RAloverasPharmacyPOSSystemSetup.vdproj", "{3CC2DC56-D6AD-4CFC-B0E9-2DCE23F50F76}"
EndProject
Global
	GlobalSection(SolutionConfigurationPlatforms) = preSolution
		Debug|Any CPU = Debug|Any CPU
		Release|Any CPU = Release|Any CPU
	EndGlobalSection
	GlobalSection(ProjectConfigurationPlatforms) = postSolution
		{88595E50-A016-497F-ADFB-92873DFDFDC6}.Debug|Any CPU.ActiveCfg = Debug|Any CPU
		{88595E50-A016-497F-ADFB-92873DFDFDC6}.Debug|Any CPU.Build.0 = Debug|Any CPU
		{88595E50-A016-497F-ADFB-92873DFDFDC6}.Release|Any CPU.ActiveCfg = Release|Any CPU
		{88595E50-A016-497F-ADFB-92873DFDFDC6}.Release|Any CPU.Build.0 = Release|Any CPU
		{3CC2DC56-D6AD-4CFC-B0E9-2DCE23F50F76}.Debug|Any CPU.ActiveCfg = Debug
		{3CC2DC56-D6AD-4CFC-B0E9-2DCE23F50F76}.Release|Any CPU.ActiveCfg = Release
	EndGlobalSection
	GlobalSection(SolutionProperties) = preSolution
		HideSolutionNode = FALSE
	EndGlobalSection
	GlobalSection(ExtensibilityGlobals) = postSolution
		SolutionGuid = {24F4F930-3D6A-4043-9F2D-B1C860124999}
	EndGlobalSection
EndGlobal
